
Microsoft Visual Studio Solution File, Format Version 12.00
# Visual Studio Version 17
VisualStudioVersion = 17.2.32505.173
MinimumVisualStudioVersion = 10.0.40219.1
Project("{FAE04EC0-301F-11D3-BF4B-00C04F79EFBC}") = "boubleSort", "boubleSort\boubleSort.csproj", "{BE51D151-4065-4E4B-998B-A1E62100F87B}"
EndProject
Global
	GlobalSection(SolutionConfigurationPlatforms) = preSolution
		Debug|Any CPU = Debug|Any CPU
		Release|Any CPU = Release|Any CPU
	EndGlobalSection
	GlobalSection(ProjectConfigurationPlatforms) = postSolution
		{BE51D151-4065-4E4B-998B-A1E62100F87B}.Debug|Any CPU.ActiveCfg = Debug|Any CPU
		{BE51D151-4065-4E4B-998B-A1E62100F87B}.Debug|Any CPU.Build.0 = Debug|Any CPU
		{BE51D151-4065-4E4B-998B-A1E62100F87B}.Release|Any CPU.ActiveCfg = Release|Any CPU
		{BE51D151-4065-4E4B-998B-A1E62100F87B}.Release|Any CPU.Build.0 = Release|Any CPU
	EndGlobalSection
	GlobalSection(SolutionProperties) = preSolution
		HideSolutionNode = FALSE
	EndGlobalSection
	GlobalSection(ExtensibilityGlobals) = postSolution
		SolutionGuid = {BE56EB02-CD11-4E35-A110-1772CC6FD671}
	EndGlobalSection
EndGlobal
